// !$*UTF8*$!
{
	archiveVersion = 1;
	classes = {
	};
	objectVersion = 50;
	objects = {

/* Begin PBXBuildFile section */
		BBF692BE22D7D81A00CEA5B3 /* AppDelegate.swift in Sources */ = {isa = PBXBuildFile; fileRef = BBF692BD22D7D81A00CEA5B3 /* AppDelegate.swift */; };
		BBF692C022D7D81A00CEA5B3 /* ViewController.swift in Sources */ = {isa = PBXBuildFile; fileRef = BBF692BF22D7D81A00CEA5B3 /* ViewController.swift */; };
		BBF692C322D7D81A00CEA5B3 /* Main.storyboard in Resources */ = {isa = PBXBuildFile; fileRef = BBF692C122D7D81A00CEA5B3 /* Main.storyboard */; };
		BBF692C622D7D81A00CEA5B3 /* Lista.xcdatamodeld in Sources */ = {isa = PBXBuildFile; fileRef = BBF692C422D7D81A00CEA5B3 /* Lista.xcdatamodeld */; };
		BBF692C822D7D81C00CEA5B3 /* Assets.xcassets in Resources */ = {isa = PBXBuildFile; fileRef = BBF692C722D7D81C00CEA5B3 /* Assets.xcassets */; };
		BBF692CB22D7D81C00CEA5B3 /* LaunchScreen.storyboard in Resources */ = {isa = PBXBuildFile; fileRef = BBF692C922D7D81C00CEA5B3 /* LaunchScreen.storyboard */; };
		BBF692D522D8745900CEA5B3 /* ItemTableViewCell.swift in Sources */ = {isa = PBXBuildFile; fileRef = BBF692D422D8745900CEA5B3 /* ItemTableViewCell.swift */; };
		BBF692D722D8756800CEA5B3 /* Constants.swift in Sources */ = {isa = PBXBuildFile; fileRef = BBF692D622D8756800CEA5B3 /* Constants.swift */; };
		BBF692E122D91E2C00CEA5B3 /* CoreDataManager.swift in Sources */ = {isa = PBXBuildFile; fileRef = BBF692E022D91E2C00CEA5B3 /* CoreDataManager.swift */; };
		BBF692E522DA0A9000CEA5B3 /* List+CoreDataClass.swift in Sources */ = {isa = PBXBuildFile; fileRef = BBF692E322DA0A9000CEA5B3 /* List+CoreDataClass.swift */; };
		BBF692E622DA0A9000CEA5B3 /* List+CoreDataProperties.swift in Sources */ = {isa = PBXBuildFile; fileRef = BBF692E422DA0A9000CEA5B3 /* List+CoreDataProperties.swift */; };
		BBF692EF22DCE58A00CEA5B3 /* AddItemViewController.swift in Sources */ = {isa = PBXBuildFile; fileRef = BBF692EE22DCE58A00CEA5B3 /* AddItemViewController.swift */; };
		BBF692F222DDF31C00CEA5B3 /* Alert.storyboard in Resources */ = {isa = PBXBuildFile; fileRef = BBF692F022DDF31B00CEA5B3 /* Alert.storyboard */; };
		BBF692F322DDF31C00CEA5B3 /* AlertViewController.swift in Sources */ = {isa = PBXBuildFile; fileRef = BBF692F122DDF31B00CEA5B3 /* AlertViewController.swift */; };
/* End PBXBuildFile section */

/* Begin PBXFileReference section */
		BBF692BA22D7D81A00CEA5B3 /* Lista.app */ = {isa = PBXFileReference; explicitFileType = wrapper.application; includeInIndex = 0; path = Lista.app; sourceTree = BUILT_PRODUCTS_DIR; };
		BBF692BD22D7D81A00CEA5B3 /* AppDelegate.swift */ = {isa = PBXFileReference; lastKnownFileType = sourcecode.swift; path = AppDelegate.swift; sourceTree = "<group>"; };
		BBF692BF22D7D81A00CEA5B3 /* ViewController.swift */ = {isa = PBXFileReference; lastKnownFileType = sourcecode.swift; path = ViewController.swift; sourceTree = "<group>"; };
		BBF692C222D7D81A00CEA5B3 /* Base */ = {isa = PBXFileReference; lastKnownFileType = file.storyboard; name = Base; path = Base.lproj/Main.storyboard; sourceTree = "<group>"; };
		BBF692C522D7D81A00CEA5B3 /* Lista.xcdatamodel */ = {isa = PBXFileReference; lastKnownFileType = wrapper.xcdatamodel; path = Lista.xcdatamodel; sourceTree = "<group>"; };
		BBF692C722D7D81C00CEA5B3 /* Assets.xcassets */ = {isa = PBXFileReference; lastKnownFileType = folder.assetcatalog; path = Assets.xcassets; sourceTree = "<group>"; };
		BBF692CA22D7D81C00CEA5B3 /* Base */ = {isa = PBXFileReference; lastKnownFileType = file.storyboard; name = Base; path = Base.lproj/LaunchScreen.storyboard; sourceTree = "<group>"; };
		BBF692CC22D7D81C00CEA5B3 /* Info.plist */ = {isa = PBXFileReference; lastKnownFileType = text.plist.xml; path = Info.plist; sourceTree = "<group>"; };
		BBF692D422D8745900CEA5B3 /* ItemTableViewCell.swift */ = {isa = PBXFileReference; lastKnownFileType = sourcecode.swift; path = ItemTableViewCell.swift; sourceTree = "<group>"; };
		BBF692D622D8756800CEA5B3 /* Constants.swift */ = {isa = PBXFileReference; lastKnownFileType = sourcecode.swift; path = Constants.swift; sourceTree = "<group>"; };
		BBF692E022D91E2C00CEA5B3 /* CoreDataManager.swift */ = {isa = PBXFileReference; lastKnownFileType = sourcecode.swift; path = CoreDataManager.swift; sourceTree = "<group>"; };
		BBF692E322DA0A9000CEA5B3 /* List+CoreDataClass.swift */ = {isa = PBXFileReference; lastKnownFileType = sourcecode.swift; name = "List+CoreDataClass.swift"; path = "../../List+CoreDataClass.swift"; sourceTree = "<group>"; };
		BBF692E422DA0A9000CEA5B3 /* List+CoreDataProperties.swift */ = {isa = PBXFileReference; lastKnownFileType = sourcecode.swift; name = "List+CoreDataProperties.swift"; path = "../../List+CoreDataProperties.swift"; sourceTree = "<group>"; };
		BBF692EE22DCE58A00CEA5B3 /* AddItemViewController.swift */ = {isa = PBXFileReference; lastKnownFileType = sourcecode.swift; path = AddItemViewController.swift; sourceTree = "<group>"; };
		BBF692F022DDF31B00CEA5B3 /* Alert.storyboard */ = {isa = PBXFileReference; fileEncoding = 4; lastKnownFileType = file.storyboard; path = Alert.storyboard; sourceTree = "<group>"; };
		BBF692F122DDF31B00CEA5B3 /* AlertViewController.swift */ = {isa = PBXFileReference; fileEncoding = 4; lastKnownFileType = sourcecode.swift; path = AlertViewController.swift; sourceTree = "<group>"; };
/* End PBXFileReference section */

/* Begin PBXFrameworksBuildPhase section */
		BBF692B722D7D81A00CEA5B3 /* Frameworks */ = {
			isa = PBXFrameworksBuildPhase;
			buildActionMask = 2147483647;
			files = (
			);
			runOnlyForDeploymentPostprocessing = 0;
		};
/* End PBXFrameworksBuildPhase section */

/* Begin PBXGroup section */
		BBF692B122D7D81A00CEA5B3 = {
			isa = PBXGroup;
			children = (
				BBF692BC22D7D81A00CEA5B3 /* Lista */,
				BBF692BB22D7D81A00CEA5B3 /* Products */,
			);
			sourceTree = "<group>";
		};
		BBF692BB22D7D81A00CEA5B3 /* Products */ = {
			isa = PBXGroup;
			children = (
				BBF692BA22D7D81A00CEA5B3 /* Lista.app */,
			);
			name = Products;
			sourceTree = "<group>";
		};
		BBF692BC22D7D81A00CEA5B3 /* Lista */ = {
			isa = PBXGroup;
			children = (
				BBF692E922DC59E800CEA5B3 /* Cells */,
				BBF692E222D91E9500CEA5B3 /* CoreData */,
				BBF692D622D8756800CEA5B3 /* Constants.swift */,
				BBF692BF22D7D81A00CEA5B3 /* ViewController.swift */,
				BBF692EE22DCE58A00CEA5B3 /* AddItemViewController.swift */,
				BBF692C122D7D81A00CEA5B3 /* Main.storyboard */,
				BBF692F022DDF31B00CEA5B3 /* Alert.storyboard */,
				BBF692F122DDF31B00CEA5B3 /* AlertViewController.swift */,
				BBF692C922D7D81C00CEA5B3 /* LaunchScreen.storyboard */,
				BBF692BD22D7D81A00CEA5B3 /* AppDelegate.swift */,
				BBF692C722D7D81C00CEA5B3 /* Assets.xcassets */,
				BBF692CC22D7D81C00CEA5B3 /* Info.plist */,
			);
			path = Lista;
			sourceTree = "<group>";
		};
		BBF692E222D91E9500CEA5B3 /* CoreData */ = {
			isa = PBXGroup;
			children = (
				BBF692C422D7D81A00CEA5B3 /* Lista.xcdatamodeld */,
				BBF692E322DA0A9000CEA5B3 /* List+CoreDataClass.swift */,
				BBF692E422DA0A9000CEA5B3 /* List+CoreDataProperties.swift */,
				BBF692E022D91E2C00CEA5B3 /* CoreDataManager.swift */,
			);
			path = CoreData;
			sourceTree = "<group>";
		};
		BBF692E922DC59E800CEA5B3 /* Cells */ = {
			isa = PBXGroup;
			children = (
				BBF692D422D8745900CEA5B3 /* ItemTableViewCell.swift */,
			);
			path = Cells;
			sourceTree = "<group>";
		};
/* End PBXGroup section */

/* Begin PBXNativeTarget section */
		BBF692B922D7D81A00CEA5B3 /* Lista */ = {
			isa = PBXNativeTarget;
			buildConfigurationList = BBF692CF22D7D81C00CEA5B3 /* Build configuration list for PBXNativeTarget "Lista" */;
			buildPhases = (
				BBF692B622D7D81A00CEA5B3 /* Sources */,
				BBF692B722D7D81A00CEA5B3 /* Frameworks */,
				BBF692B822D7D81A00CEA5B3 /* Resources */,
			);
			buildRules = (
			);
			dependencies = (
			);
			name = Lista;
			productName = Lista;
			productReference = BBF692BA22D7D81A00CEA5B3 /* Lista.app */;
			productType = "com.apple.product-type.application";
		};
/* End PBXNativeTarget section */

/* Begin PBXProject section */
		BBF692B222D7D81A00CEA5B3 /* Project object */ = {
			isa = PBXProject;
			attributes = {
				LastSwiftUpdateCheck = 1020;
				LastUpgradeCheck = 1020;
				ORGANIZATIONNAME = "Henri Loukonen";
				TargetAttributes = {
					BBF692B922D7D81A00CEA5B3 = {
						CreatedOnToolsVersion = 10.2.1;
					};
				};
			};
			buildConfigurationList = BBF692B522D7D81A00CEA5B3 /* Build configuration list for PBXProject "Lista" */;
			compatibilityVersion = "Xcode 9.3";
			developmentRegion = en;
			hasScannedForEncodings = 0;
			knownRegions = (
				en,
				Base,
			);
			mainGroup = BBF692B122D7D81A00CEA5B3;
			productRefGroup = BBF692BB22D7D81A00CEA5B3 /* Products */;
			projectDirPath = "";
			projectRoot = "";
			targets = (
				BBF692B922D7D81A00CEA5B3 /* Lista */,
			);
		};
/* End PBXProject section */

/* Begin PBXResourcesBuildPhase section */
		BBF692B822D7D81A00CEA5B3 /* Resources */ = {
			isa = PBXResourcesBuildPhase;
			buildActionMask = 2147483647;
			files = (
				BBF692CB22D7D81C00CEA5B3 /* LaunchScreen.storyboard in Resources */,
				BBF692C822D7D81C00CEA5B3 /* Assets.xcassets in Resources */,
				BBF692C322D7D81A00CEA5B3 /* Main.storyboard in Resources */,
				BBF692F222DDF31C00CEA5B3 /* Alert.storyboard in Resources */,
			);
			runOnlyForDeploymentPostprocessing = 0;
		};
/* End PBXResourcesBuildPhase section */

/* Begin PBXSourcesBuildPhase section */
		BBF692B622D7D81A00CEA5B3 /* Sources */ = {
			isa = PBXSourcesBuildPhase;
			buildActionMask = 2147483647;
			files = (
				BBF692E622DA0A9000CEA5B3 /* List+CoreDataProperties.swift in Sources */,
				BBF692C022D7D81A00CEA5B3 /* ViewController.swift in Sources */,
				BBF692C622D7D81A00CEA5B3 /* Lista.xcdatamodeld in Sources */,
				BBF692F322DDF31C00CEA5B3 /* AlertViewController.swift in Sources */,
				BBF692D522D8745900CEA5B3 /* ItemTableViewCell.swift in Sources */,
				BBF692EF22DCE58A00CEA5B3 /* AddItemViewController.swift in Sources */,
				BBF692BE22D7D81A00CEA5B3 /* AppDelegate.swift in Sources */,
				BBF692E122D91E2C00CEA5B3 /* CoreDataManager.swift in Sources */,
				BBF692D722D8756800CEA5B3 /* Constants.swift in Sources */,
				BBF692E522DA0A9000CEA5B3 /* List+CoreDataClass.swift in Sources */,
			);
			runOnlyForDeploymentPostprocessing = 0;
		};
/* End PBXSourcesBuildPhase section */

/* Begin PBXVariantGroup section */
		BBF692C122D7D81A00CEA5B3 /* Main.storyboard */ = {
			isa = PBXVariantGroup;
			children = (
				BBF692C222D7D81A00CEA5B3 /* Base */,
			);
			name = Main.storyboard;
			sourceTree = "<group>";
		};
		BBF692C922D7D81C00CEA5B3 /* LaunchScreen.storyboard */ = {
			isa = PBXVariantGroup;
			children = (
				BBF692CA22D7D81C00CEA5B3 /* Base */,
			);
			name = LaunchScreen.storyboard;
			sourceTree = "<group>";
		};
/* End PBXVariantGroup section */

/* Begin XCBuildConfiguration section */
		BBF692CD22D7D81C00CEA5B3 /* Debug */ = {
			isa = XCBuildConfiguration;
			buildSettings = {
				ALWAYS_SEARCH_USER_PATHS = NO;
				CLANG_ANALYZER_NONNULL = YES;
				CLANG_ANALYZER_NUMBER_OBJECT_CONVERSION = YES_AGGRESSIVE;
				CLANG_CXX_LANGUAGE_STANDARD = "gnu++14";
				CLANG_CXX_LIBRARY = "libc++";
				CLANG_ENABLE_MODULES = YES;
				CLANG_ENABLE_OBJC_ARC = YES;
				CLANG_ENABLE_OBJC_WEAK = YES;
				CLANG_WARN_BLOCK_CAPTURE_AUTORELEASING = YES;
				CLANG_WARN_BOOL_CONVERSION = YES;
				CLANG_WARN_COMMA = YES;
				CLANG_WARN_CONSTANT_CONVERSION = YES;
				CLANG_WARN_DEPRECATED_OBJC_IMPLEMENTATIONS = YES;
				CLANG_WARN_DIRECT_OBJC_ISA_USAGE = YES_ERROR;
				CLANG_WARN_DOCUMENTATION_COMMENTS = YES;
				CLANG_WARN_EMPTY_BODY = YES;
				CLANG_WARN_ENUM_CONVERSION = YES;
				CLANG_WARN_INFINITE_RECURSION = YES;
				CLANG_WARN_INT_CONVERSION = YES;
				CLANG_WARN_NON_LITERAL_NULL_CONVERSION = YES;
				CLANG_WARN_OBJC_IMPLICIT_RETAIN_SELF = YES;
				CLANG_WARN_OBJC_LITERAL_CONVERSION = YES;
				CLANG_WARN_OBJC_ROOT_CLASS = YES_ERROR;
				CLANG_WARN_RANGE_LOOP_ANALYSIS = YES;
				CLANG_WARN_STRICT_PROTOTYPES = YES;
				CLANG_WARN_SUSPICIOUS_MOVE = YES;
				CLANG_WARN_UNGUARDED_AVAILABILITY = YES_AGGRESSIVE;
				CLANG_WARN_UNREACHABLE_CODE = YES;
				CLANG_WARN__DUPLICATE_METHOD_MATCH = YES;
				CODE_SIGN_IDENTITY = "iPhone Developer";
				COPY_PHASE_STRIP = NO;
				DEBUG_INFORMATION_FORMAT = dwarf;
				ENABLE_STRICT_OBJC_MSGSEND = YES;
				ENABLE_TESTABILITY = YES;
				GCC_C_LANGUAGE_STANDARD = gnu11;
				GCC_DYNAMIC_NO_PIC = NO;
				GCC_NO_COMMON_BLOCKS = YES;
				GCC_OPTIMIZATION_LEVEL = 0;
				GCC_PREPROCESSOR_DEFINITIONS = (
					"DEBUG=1",
					"$(inherited)",
				);
				GCC_WARN_64_TO_32_BIT_CONVERSION = YES;
				GCC_WARN_ABOUT_RETURN_TYPE = YES_ERROR;
				GCC_WARN_UNDECLARED_SELECTOR = YES;
				GCC_WARN_UNINITIALIZED_AUTOS = YES_AGGRESSIVE;
				GCC_WARN_UNUSED_FUNCTION = YES;
				GCC_WARN_UNUSED_VARIABLE = YES;
				IPHONEOS_DEPLOYMENT_TARGET = 12.2;
				MTL_ENABLE_DEBUG_INFO = INCLUDE_SOURCE;
				MTL_FAST_MATH = YES;
				ONLY_ACTIVE_ARCH = YES;
				SDKROOT = iphoneos;
				SWIFT_ACTIVE_COMPILATION_CONDITIONS = DEBUG;
				SWIFT_OPTIMIZATION_LEVEL = "-Onone";
			};
			name = Debug;
		};
		BBF692CE22D7D81C00CEA5B3 /* Release */ = {
			isa = XCBuildConfiguration;
			buildSettings = {
				ALWAYS_SEARCH_USER_PATHS = NO;
				CLANG_ANALYZER_NONNULL = YES;
				CLANG_ANALYZER_NUMBER_OBJECT_CONVERSION = YES_AGGRESSIVE;
				CLANG_CXX_LANGUAGE_STANDARD = "gnu++14";
				CLANG_CXX_LIBRARY = "libc++";
				CLANG_ENABLE_MODULES = YES;
				CLANG_ENABLE_OBJC_ARC = YES;
				CLANG_ENABLE_OBJC_WEAK = YES;
				CLANG_WARN_BLOCK_CAPTURE_AUTORELEASING = YES;
				CLANG_WARN_BOOL_CONVERSION = YES;
				CLANG_WARN_COMMA = YES;
				CLANG_WARN_CONSTANT_CONVERSION = YES;
				CLANG_WARN_DEPRECATED_OBJC_IMPLEMENTATIONS = YES;
				CLANG_WARN_DIRECT_OBJC_ISA_USAGE = YES_ERROR;
				CLANG_WARN_DOCUMENTATION_COMMENTS = YES;
				CLANG_WARN_EMPTY_BODY = YES;
				CLANG_WARN_ENUM_CONVERSION = YES;
				CLANG_WARN_INFINITE_RECURSION = YES;
				CLANG_WARN_INT_CONVERSION = YES;
				CLANG_WARN_NON_LITERAL_NULL_CONVERSION = YES;
				CLANG_WARN_OBJC_IMPLICIT_RETAIN_SELF = YES;
				CLANG_WARN_OBJC_LITERAL_CONVERSION = YES;
				CLANG_WARN_OBJC_ROOT_CLASS = YES_ERROR;
				CLANG_WARN_RANGE_LOOP_ANALYSIS = YES;
				CLANG_WARN_STRICT_PROTOTYPES = YES;
				CLANG_WARN_SUSPICIOUS_MOVE = YES;
				CLANG_WARN_UNGUARDED_AVAILABILITY = YES_AGGRESSIVE;
				CLANG_WARN_UNREACHABLE_CODE = YES;
				CLANG_WARN__DUPLICATE_METHOD_MATCH = YES;
				CODE_SIGN_IDENTITY = "iPhone Developer";
				COPY_PHASE_STRIP = NO;
				DEBUG_INFORMATION_FORMAT = "dwarf-with-dsym";
				ENABLE_NS_ASSERTIONS = NO;
				ENABLE_STRICT_OBJC_MSGSEND = YES;
				GCC_C_LANGUAGE_STANDARD = gnu11;
				GCC_NO_COMMON_BLOCKS = YES;
				GCC_WARN_64_TO_32_BIT_CONVERSION = YES;
				GCC_WARN_ABOUT_RETURN_TYPE = YES_ERROR;
				GCC_WARN_UNDECLARED_SELECTOR = YES;
				GCC_WARN_UNINITIALIZED_AUTOS = YES_AGGRESSIVE;
				GCC_WARN_UNUSED_FUNCTION = YES;
				GCC_WARN_UNUSED_VARIABLE = YES;
				IPHONEOS_DEPLOYMENT_TARGET = 12.2;
				MTL_ENABLE_DEBUG_INFO = NO;
				MTL_FAST_MATH = YES;
				SDKROOT = iphoneos;
				SWIFT_COMPILATION_MODE = wholemodule;
				SWIFT_OPTIMIZATION_LEVEL = "-O";
				VALIDATE_PRODUCT = YES;
			};
			name = Release;
		};
		BBF692D022D7D81C00CEA5B3 /* Debug */ = {
			isa = XCBuildConfiguration;
			buildSettings = {
				ASSETCATALOG_COMPILER_APPICON_NAME = AppIcon;
				CODE_SIGN_STYLE = Automatic;
				DEVELOPMENT_TEAM = 9N39D7WC7C;
				INFOPLIST_FILE = Lista/Info.plist;
				LD_RUNPATH_SEARCH_PATHS = (
					"$(inherited)",
					"@executable_path/Frameworks",
				);
				PRODUCT_BUNDLE_IDENTIFIER = com.henriloukonen.Lista;
				PRODUCT_NAME = "$(TARGET_NAME)";
				SWIFT_VERSION = 5.0;
				TARGETED_DEVICE_FAMILY = 1;
			};
			name = Debug;
		};
		BBF692D122D7D81C00CEA5B3 /* Release */ = {
			isa = XCBuildConfiguration;
			buildSettings = {
				ASSETCATALOG_COMPILER_APPICON_NAME = AppIcon;
				CODE_SIGN_STYLE = Automatic;
				DEVELOPMENT_TEAM = 9N39D7WC7C;
				INFOPLIST_FILE = Lista/Info.plist;
				LD_RUNPATH_SEARCH_PATHS = (
					"$(inherited)",
					"@executable_path/Frameworks",
				);
				PRODUCT_BUNDLE_IDENTIFIER = com.henriloukonen.Lista;
				PRODUCT_NAME = "$(TARGET_NAME)";
				SWIFT_VERSION = 5.0;
				TARGETED_DEVICE_FAMILY = 1;
			};
			name = Release;
		};
/* End XCBuildConfiguration section */

/* Begin XCConfigurationList section */
		BBF692B522D7D81A00CEA5B3 /* Build configuration list for PBXProject "Lista" */ = {
			isa = XCConfigurationList;
			buildConfigurations = (
				BBF692CD22D7D81C00CEA5B3 /* Debug */,
				BBF692CE22D7D81C00CEA5B3 /* Release */,
			);
			defaultConfigurationIsVisible = 0;
			defaultConfigurationName = Release;
		};
		BBF692CF22D7D81C00CEA5B3 /* Build configuration list for PBXNativeTarget "Lista" */ = {
			isa = XCConfigurationList;
			buildConfigurations = (
				BBF692D022D7D81C00CEA5B3 /* Debug */,
				BBF692D122D7D81C00CEA5B3 /* Release */,
			);
			defaultConfigurationIsVisible = 0;
			defaultConfigurationName = Release;
		};
/* End XCConfigurationList section */

/* Begin XCVersionGroup section */
		BBF692C422D7D81A00CEA5B3 /* Lista.xcdatamodeld */ = {
			isa = XCVersionGroup;
			children = (
				BBF692C522D7D81A00CEA5B3 /* Lista.xcdatamodel */,
			);
			currentVersion = BBF692C522D7D81A00CEA5B3 /* Lista.xcdatamodel */;
			path = Lista.xcdatamodeld;
			sourceTree = "<group>";
			versionGroupType = wrapper.xcdatamodel;
		};
/* End XCVersionGroup section */
	};
	rootObject = BBF692B222D7D81A00CEA5B3 /* Project object */;
}
